
Microsoft Visual Studio Solution File, Format Version 12.00
# Visual Studio 15
VisualStudioVersion = 15.0.27428.2043
MinimumVisualStudioVersion = 10.0.40219.1
Project("{8BC9CEB8-8B4A-11D0-8D11-00A0C91BC942}") = "proxy", "Proxy\Proxy.vcxproj", "{88609E16-731F-46C9-8139-6B1A7A83240D}"
EndProject
Project("{FAE04EC0-301F-11D3-BF4B-00C04F79EFBC}") = "DoorstopTest", "DoorstopTest\DoorstopTest.csproj", "{62B61CCC-0775-4CF4-B37A-EB5E33CBD08C}"
EndProject
Global
	GlobalSection(SolutionConfigurationPlatforms) = preSolution
		Debug|Any CPU = Debug|Any CPU
		Debug|x64 = Debug|x64
		Debug|x86 = Debug|x86
		Release|Any CPU = Release|Any CPU
		Release|x64 = Release|x64
		Release|x86 = Release|x86
		Verbose_Release|Any CPU = Verbose_Release|Any CPU
		Verbose_Release|x64 = Verbose_Release|x64
		Verbose_Release|x86 = Verbose_Release|x86
		Verbose|Any CPU = Verbose|Any CPU
		Verbose|x64 = Verbose|x64
		Verbose|x86 = Verbose|x86
	EndGlobalSection
	GlobalSection(ProjectConfigurationPlatforms) = postSolution
		{88609E16-731F-46C9-8139-6B1A7A83240D}.Debug|Any CPU.ActiveCfg = Debug|Win32
		{88609E16-731F-46C9-8139-6B1A7A83240D}.Debug|x64.ActiveCfg = Debug|x64
		{88609E16-731F-46C9-8139-6B1A7A83240D}.Debug|x64.Build.0 = Debug|x64
		{88609E16-731F-46C9-8139-6B1A7A83240D}.Debug|x86.ActiveCfg = Debug|Win32
		{88609E16-731F-46C9-8139-6B1A7A83240D}.Debug|x86.Build.0 = Debug|Win32
		{88609E16-731F-46C9-8139-6B1A7A83240D}.Release|Any CPU.ActiveCfg = Release|Win32
		{88609E16-731F-46C9-8139-6B1A7A83240D}.Release|x64.ActiveCfg = Release|x64
		{88609E16-731F-46C9-8139-6B1A7A83240D}.Release|x64.Build.0 = Release|x64
		{88609E16-731F-46C9-8139-6B1A7A83240D}.Release|x86.ActiveCfg = Release|Win32
		{88609E16-731F-46C9-8139-6B1A7A83240D}.Release|x86.Build.0 = Release|Win32
		{88609E16-731F-46C9-8139-6B1A7A83240D}.Verbose_Release|Any CPU.ActiveCfg = Verbose_Release|Win32
		{88609E16-731F-46C9-8139-6B1A7A83240D}.Verbose_Release|x64.ActiveCfg = Verbose_Release|x64
		{88609E16-731F-46C9-8139-6B1A7A83240D}.Verbose_Release|x64.Build.0 = Verbose_Release|x64
		{88609E16-731F-46C9-8139-6B1A7A83240D}.Verbose_Release|x86.ActiveCfg = Verbose_Release|Win32
		{88609E16-731F-46C9-8139-6B1A7A83240D}.Verbose_Release|x86.Build.0 = Verbose_Release|Win32
		{88609E16-731F-46C9-8139-6B1A7A83240D}.Verbose|Any CPU.ActiveCfg = Verbose|Win32
		{88609E16-731F-46C9-8139-6B1A7A83240D}.Verbose|x64.ActiveCfg = Verbose|x64
		{88609E16-731F-46C9-8139-6B1A7A83240D}.Verbose|x64.Build.0 = Verbose|x64
		{88609E16-731F-46C9-8139-6B1A7A83240D}.Verbose|x86.ActiveCfg = Verbose|Win32
		{88609E16-731F-46C9-8139-6B1A7A83240D}.Verbose|x86.Build.0 = Verbose|Win32
		{62B61CCC-0775-4CF4-B37A-EB5E33CBD08C}.Debug|Any CPU.ActiveCfg = Debug|Any CPU
		{62B61CCC-0775-4CF4-B37A-EB5E33CBD08C}.Debug|Any CPU.Build.0 = Debug|Any CPU
		{62B61CCC-0775-4CF4-B37A-EB5E33CBD08C}.Debug|x64.ActiveCfg = Debug|Any CPU
		{62B61CCC-0775-4CF4-B37A-EB5E33CBD08C}.Debug|x64.Build.0 = Debug|Any CPU
		{62B61CCC-0775-4CF4-B37A-EB5E33CBD08C}.Debug|x86.ActiveCfg = Debug|Any CPU
		{62B61CCC-0775-4CF4-B37A-EB5E33CBD08C}.Debug|x86.Build.0 = Debug|Any CPU
		{62B61CCC-0775-4CF4-B37A-EB5E33CBD08C}.Release|Any CPU.ActiveCfg = Release|Any CPU
		{62B61CCC-0775-4CF4-B37A-EB5E33CBD08C}.Release|Any CPU.Build.0 = Release|Any CPU
		{62B61CCC-0775-4CF4-B37A-EB5E33CBD08C}.Release|x64.ActiveCfg = Release|Any CPU
		{62B61CCC-0775-4CF4-B37A-EB5E33CBD08C}.Release|x64.Build.0 = Release|Any CPU
		{62B61CCC-0775-4CF4-B37A-EB5E33CBD08C}.Release|x86.ActiveCfg = Release|Any CPU
		{62B61CCC-0775-4CF4-B37A-EB5E33CBD08C}.Release|x86.Build.0 = Release|Any CPU
		{62B61CCC-0775-4CF4-B37A-EB5E33CBD08C}.Verbose_Release|Any CPU.ActiveCfg = Verbose_Release|Any CPU
		{62B61CCC-0775-4CF4-B37A-EB5E33CBD08C}.Verbose_Release|Any CPU.Build.0 = Verbose_Release|Any CPU
		{62B61CCC-0775-4CF4-B37A-EB5E33CBD08C}.Verbose_Release|x64.ActiveCfg = Verbose_Release|Any CPU
		{62B61CCC-0775-4CF4-B37A-EB5E33CBD08C}.Verbose_Release|x64.Build.0 = Verbose_Release|Any CPU
		{62B61CCC-0775-4CF4-B37A-EB5E33CBD08C}.Verbose_Release|x86.ActiveCfg = Verbose_Release|Any CPU
		{62B61CCC-0775-4CF4-B37A-EB5E33CBD08C}.Verbose_Release|x86.Build.0 = Verbose_Release|Any CPU
		{62B61CCC-0775-4CF4-B37A-EB5E33CBD08C}.Verbose|Any CPU.ActiveCfg = Verbose|Any CPU
		{62B61CCC-0775-4CF4-B37A-EB5E33CBD08C}.Verbose|Any CPU.Build.0 = Verbose|Any CPU
		{62B61CCC-0775-4CF4-B37A-EB5E33CBD08C}.Verbose|x64.ActiveCfg = Verbose|Any CPU
		{62B61CCC-0775-4CF4-B37A-EB5E33CBD08C}.Verbose|x64.Build.0 = Verbose|Any CPU
		{62B61CCC-0775-4CF4-B37A-EB5E33CBD08C}.Verbose|x86.ActiveCfg = Verbose|Any CPU
		{62B61CCC-0775-4CF4-B37A-EB5E33CBD08C}.Verbose|x86.Build.0 = Verbose|Any CPU
	EndGlobalSection
	GlobalSection(SolutionProperties) = preSolution
		HideSolutionNode = FALSE
	EndGlobalSection
	GlobalSection(ExtensibilityGlobals) = postSolution
		SolutionGuid = {4EF47C82-18DC-4E9E-A878-8C003FFB303D}
	EndGlobalSection
EndGlobal
